
Microsoft Visual Studio Solution File, Format Version 12.00
# Visual Studio Version 17
VisualStudioVersion = 17.11.35303.130
MinimumVisualStudioVersion = 10.0.40219.1
Project("{FAE04EC0-301F-11D3-BF4B-00C04F79EFBC}") = "WalliCardsNet.API", "WalliCardsNet.API\WalliCardsNet.API.csproj", "{E5A62AFA-B3E5-472A-8312-EC4500DE7501}"
EndProject
Project("{FAE04EC0-301F-11D3-BF4B-00C04F79EFBC}") = "WalliCardsNet.Client", "WalliCardsNet.Client\WalliCardsNet.Client.csproj", "{BDF1D3B9-D0F9-4001-9FBA-E8D9CA60ED16}"
	ProjectSection(ProjectDependencies) = postProject
		{E6767B7F-4C3C-4A51-B436-AA785F8BF2F0} = {E6767B7F-4C3C-4A51-B436-AA785F8BF2F0}
	EndProjectSection
EndProject
Project("{FAE04EC0-301F-11D3-BF4B-00C04F79EFBC}") = "WalliCardsNet.ClassLibrary", "WalliCardsNet.ClassLibrary\WalliCardsNet.ClassLibrary.csproj", "{E6767B7F-4C3C-4A51-B436-AA785F8BF2F0}"
EndProject
Global
	GlobalSection(SolutionConfigurationPlatforms) = preSolution
		Debug|Any CPU = Debug|Any CPU
		Release|Any CPU = Release|Any CPU
	EndGlobalSection
	GlobalSection(ProjectConfigurationPlatforms) = postSolution
		{E5A62AFA-B3E5-472A-8312-EC4500DE7501}.Debug|Any CPU.ActiveCfg = Debug|Any CPU
		{E5A62AFA-B3E5-472A-8312-EC4500DE7501}.Debug|Any CPU.Build.0 = Debug|Any CPU
		{E5A62AFA-B3E5-472A-8312-EC4500DE7501}.Release|Any CPU.ActiveCfg = Release|Any CPU
		{E5A62AFA-B3E5-472A-8312-EC4500DE7501}.Release|Any CPU.Build.0 = Release|Any CPU
		{BDF1D3B9-D0F9-4001-9FBA-E8D9CA60ED16}.Debug|Any CPU.ActiveCfg = Debug|Any CPU
		{BDF1D3B9-D0F9-4001-9FBA-E8D9CA60ED16}.Debug|Any CPU.Build.0 = Debug|Any CPU
		{BDF1D3B9-D0F9-4001-9FBA-E8D9CA60ED16}.Release|Any CPU.ActiveCfg = Release|Any CPU
		{BDF1D3B9-D0F9-4001-9FBA-E8D9CA60ED16}.Release|Any CPU.Build.0 = Release|Any CPU
		{E6767B7F-4C3C-4A51-B436-AA785F8BF2F0}.Debug|Any CPU.ActiveCfg = Debug|Any CPU
		{E6767B7F-4C3C-4A51-B436-AA785F8BF2F0}.Debug|Any CPU.Build.0 = Debug|Any CPU
		{E6767B7F-4C3C-4A51-B436-AA785F8BF2F0}.Release|Any CPU.ActiveCfg = Release|Any CPU
		{E6767B7F-4C3C-4A51-B436-AA785F8BF2F0}.Release|Any CPU.Build.0 = Release|Any CPU
	EndGlobalSection
	GlobalSection(SolutionProperties) = preSolution
		HideSolutionNode = FALSE
	EndGlobalSection
	GlobalSection(ExtensibilityGlobals) = postSolution
		SolutionGuid = {788B7876-6D60-4104-99FE-EF33CE34CDBB}
	EndGlobalSection
EndGlobal
